
Microsoft Visual Studio Solution File, Format Version 12.00
# Visual Studio Version 17
VisualStudioVersion = 17.5.002.0
MinimumVisualStudioVersion = 10.0.40219.1
Project("{9A19103F-16F7-4668-BE54-9A1E7A4F7556}") = "Scope_and_conditional_flow_q3", "Scope_and_conditional_flow_q3.csproj", "{68586934-2243-44D4-A5BD-EFDBA021F211}"
EndProject
Global
	GlobalSection(SolutionConfigurationPlatforms) = preSolution
		Debug|Any CPU = Debug|Any CPU
		Release|Any CPU = Release|Any CPU
	EndGlobalSection
	GlobalSection(ProjectConfigurationPlatforms) = postSolution
		{68586934-2243-44D4-A5BD-EFDBA021F211}.Debug|Any CPU.ActiveCfg = Debug|Any CPU
		{68586934-2243-44D4-A5BD-EFDBA021F211}.Debug|Any CPU.Build.0 = Debug|Any CPU
		{68586934-2243-44D4-A5BD-EFDBA021F211}.Release|Any CPU.ActiveCfg = Release|Any CPU
		{68586934-2243-44D4-A5BD-EFDBA021F211}.Release|Any CPU.Build.0 = Release|Any CPU
	EndGlobalSection
	GlobalSection(SolutionProperties) = preSolution
		HideSolutionNode = FALSE
	EndGlobalSection
	GlobalSection(ExtensibilityGlobals) = postSolution
		SolutionGuid = {85328972-C4A5-4F54-A84F-3A325F554C24}
	EndGlobalSection
EndGlobal
